// !$*UTF8*$!
{
	archiveVersion = 1;
	classes = {
	};
	objectVersion = 55;
	objects = {

/* Begin PBXBuildFile section */
		9C1246952ABE34EE00692A3B /* socket.cpp in Sources */ = {isa = PBXBuildFile; fileRef = 9C1246942ABE34EE00692A3B /* socket.cpp */; };
		9C1246B12ABE3A7600692A3B /* mysql.cpp in Sources */ = {isa = PBXBuildFile; fileRef = 9C1246B02ABE3A7600692A3B /* mysql.cpp */; };
		9C163A722A3E0C4D006CAABD /* function_statement.cpp in Sources */ = {isa = PBXBuildFile; fileRef = 9C163A712A3E0C4D006CAABD /* function_statement.cpp */; };
		9C163A7A2A3E31CC006CAABD /* if_statement.cpp in Sources */ = {isa = PBXBuildFile; fileRef = 9C163A792A3E31CC006CAABD /* if_statement.cpp */; };
		9C163A7D2A3E329E006CAABD /* else_if_statement.cpp in Sources */ = {isa = PBXBuildFile; fileRef = 9C163A7C2A3E329D006CAABD /* else_if_statement.cpp */; };
		9C163A802A3E3324006CAABD /* else_statement.cpp in Sources */ = {isa = PBXBuildFile; fileRef = 9C163A7F2A3E3324006CAABD /* else_statement.cpp */; };
		9C163A832A3E3390006CAABD /* try_statement.cpp in Sources */ = {isa = PBXBuildFile; fileRef = 9C163A822A3E3390006CAABD /* try_statement.cpp */; };
		9C163A862A3E3438006CAABD /* catch_statement.cpp in Sources */ = {isa = PBXBuildFile; fileRef = 9C163A852A3E3438006CAABD /* catch_statement.cpp */; };
		9C163A892A3E35C4006CAABD /* finally_statement.cpp in Sources */ = {isa = PBXBuildFile; fileRef = 9C163A882A3E35C4006CAABD /* finally_statement.cpp */; };
		9C1BB8C12A36BD15006E4360 /* file.cpp in Sources */ = {isa = PBXBuildFile; fileRef = 9C1BB8C02A36BD15006E4360 /* file.cpp */; };
		9C3DC9F12AC898290014F28A /* exception.cpp in Sources */ = {isa = PBXBuildFile; fileRef = 9C3DC9F02AC898290014F28A /* exception.cpp */; };
		9C63BEFD29F1DDDE008C46ED /* logic.cpp in Sources */ = {isa = PBXBuildFile; fileRef = 9C1CFB3C2915ED8500584726 /* logic.cpp */; };
		9C63BEFE29F1DDE0008C46ED /* arithmetic.cpp in Sources */ = {isa = PBXBuildFile; fileRef = 9C6F3C3A290CA179004559AB /* arithmetic.cpp */; };
		9C63BF0229F1DE4D008C46ED /* interpreter.cpp in Sources */ = {isa = PBXBuildFile; fileRef = 9CF86541291AF97E00CFCF26 /* interpreter.cpp */; };
		9C67CE292ADAE99F00B4B071 /* file_statement.cpp in Sources */ = {isa = PBXBuildFile; fileRef = 9C67CE282ADAE99F00B4B071 /* file_statement.cpp */; };
		9C67CE2D2ADAFED400B4B071 /* logger.cpp in Sources */ = {isa = PBXBuildFile; fileRef = 9C67CE2C2ADAFED400B4B071 /* logger.cpp */; };
		9C7231192AD3C92A00FD57C8 /* main.cpp in Sources */ = {isa = PBXBuildFile; fileRef = 9C63BF0029F1DE3A008C46ED /* main.cpp */; };
		9C9713F92AC2206B00FDB285 /* utility.cpp in Sources */ = {isa = PBXBuildFile; fileRef = 9C1CFB392915ED2500584726 /* utility.cpp */; };
		9CA157842A11B840009201E1 /* statement_t.cpp in Sources */ = {isa = PBXBuildFile; fileRef = 9CA157832A11B840009201E1 /* statement_t.cpp */; };
		9CA5D77D2A0F7CEF001C560E /* error.cpp in Sources */ = {isa = PBXBuildFile; fileRef = 9CA5D77B2A0F7C27001C560E /* error.cpp */; };
		9CB2B0552A818A3E00F0B735 /* bst.h in Sources */ = {isa = PBXBuildFile; fileRef = 9CB2B0532A80B24E00F0B735 /* bst.h */; };
		9CCBFC612A37D7BB00AB115B /* while_statement.cpp in Sources */ = {isa = PBXBuildFile; fileRef = 9CCBFC602A37D7BB00AB115B /* while_statement.cpp */; };
		9CCBFC642A37D8F600AB115B /* for_statement.cpp in Sources */ = {isa = PBXBuildFile; fileRef = 9CCBFC632A37D8F600AB115B /* for_statement.cpp */; };
		9CCBFC672A37DA2C00AB115B /* do_while_statement.cpp in Sources */ = {isa = PBXBuildFile; fileRef = 9CCBFC662A37DA2C00AB115B /* do_while_statement.cpp */; };
/* End PBXBuildFile section */

/* Begin PBXCopyFilesBuildPhase section */
		9C63BEF329F1DD98008C46ED /* CopyFiles */ = {
			isa = PBXCopyFilesBuildPhase;
			buildActionMask = 2147483647;
			dstPath = /usr/share/man/man1/;
			dstSubfolderSpec = 0;
			files = (
			);
			runOnlyForDeploymentPostprocessing = 1;
		};
/* End PBXCopyFilesBuildPhase section */

/* Begin PBXFileReference section */
		9C0A92052ABFFB5B007493D0 /* apiServer.txt */ = {isa = PBXFileReference; lastKnownFileType = text; path = apiServer.txt; sourceTree = "<group>"; };
		9C0A92062ABFFB63007493D0 /* app.txt */ = {isa = PBXFileReference; lastKnownFileType = text; path = app.txt; sourceTree = "<group>"; };
		9C0A92082AC14B30007493D0 /* preparedStatements.txt */ = {isa = PBXFileReference; lastKnownFileType = text; path = preparedStatements.txt; sourceTree = "<group>"; };
		9C0B9F102A9C48650082568B /* example_1.txt */ = {isa = PBXFileReference; lastKnownFileType = text; path = example_1.txt; sourceTree = "<group>"; };
		9C0B9F112A9C57540082568B /* example_2.txt */ = {isa = PBXFileReference; lastKnownFileType = text; path = example_2.txt; sourceTree = "<group>"; };
		9C0B9F132A9CEBD90082568B /* example_3.txt */ = {isa = PBXFileReference; lastKnownFileType = text; path = example_3.txt; sourceTree = "<group>"; };
		9C0B9F142A9CF8A80082568B /* timezoneOffsetString.txt */ = {isa = PBXFileReference; lastKnownFileType = text; path = timezoneOffsetString.txt; sourceTree = "<group>"; };
		9C0B9F152A9E7DAE0082568B /* example_4.txt */ = {isa = PBXFileReference; lastKnownFileType = text; path = example_4.txt; sourceTree = "<group>"; };
		9C0B9F162AA1026D0082568B /* meridianTime.txt */ = {isa = PBXFileReference; lastKnownFileType = text; path = meridianTime.txt; sourceTree = "<group>"; };
		9C0B9F172AA10A370082568B /* example_5.txt */ = {isa = PBXFileReference; lastKnownFileType = text; path = example_5.txt; sourceTree = "<group>"; };
		9C0B9F182AA110290082568B /* example_6.txt */ = {isa = PBXFileReference; lastKnownFileType = text; path = example_6.txt; sourceTree = "<group>"; };
		9C0B9F192AA11BE70082568B /* example_7.txt */ = {isa = PBXFileReference; lastKnownFileType = text; path = example_7.txt; sourceTree = "<group>"; };
		9C0B9F1D2AA309D30082568B /* musicLibrary.txt */ = {isa = PBXFileReference; lastKnownFileType = text; path = musicLibrary.txt; sourceTree = "<group>"; };
		9C0B9F1F2AA312FC0082568B /* sqlTime.txt */ = {isa = PBXFileReference; lastKnownFileType = text; path = sqlTime.txt; sourceTree = "<group>"; };
		9C0EB4E22A95BBAB0026EBC2 /* parseDate.txt */ = {isa = PBXFileReference; lastKnownFileType = text; path = parseDate.txt; sourceTree = "<group>"; };
		9C0EB4E32A967F2C0026EBC2 /* parseTime.txt */ = {isa = PBXFileReference; lastKnownFileType = text; path = parseTime.txt; sourceTree = "<group>"; };
		9C0EB4E42A96853F0026EBC2 /* dateString.txt */ = {isa = PBXFileReference; lastKnownFileType = text; path = dateString.txt; sourceTree = "<group>"; };
		9C0EB4E52A96882B0026EBC2 /* weekday.txt */ = {isa = PBXFileReference; lastKnownFileType = text; path = weekday.txt; sourceTree = "<group>"; };
		9C0EB4E62A9688350026EBC2 /* parseWeekday.txt */ = {isa = PBXFileReference; lastKnownFileType = text; path = parseWeekday.txt; sourceTree = "<group>"; };
		9C0EB4E72A9689E00026EBC2 /* date.txt */ = {isa = PBXFileReference; lastKnownFileType = text; path = date.txt; sourceTree = "<group>"; };
		9C0EB4E82A9690D70026EBC2 /* time.txt */ = {isa = PBXFileReference; lastKnownFileType = text; path = time.txt; sourceTree = "<group>"; };
		9C0EB4EA2A96910A0026EBC2 /* addWeeks.txt */ = {isa = PBXFileReference; lastKnownFileType = text; path = addWeeks.txt; sourceTree = "<group>"; };
		9C0EB4EB2A9691120026EBC2 /* addMonths.txt */ = {isa = PBXFileReference; lastKnownFileType = text; path = addMonths.txt; sourceTree = "<group>"; };
		9C0EB4EC2A9691190026EBC2 /* addYears.txt */ = {isa = PBXFileReference; lastKnownFileType = text; path = addYears.txt; sourceTree = "<group>"; };
		9C0EB4ED2A96913B0026EBC2 /* isoString.txt */ = {isa = PBXFileReference; lastKnownFileType = text; path = isoString.txt; sourceTree = "<group>"; };
		9C0EB4F32A97A92E0026EBC2 /* seconds.txt */ = {isa = PBXFileReference; lastKnownFileType = text; path = seconds.txt; sourceTree = "<group>"; };
		9C0EB4F42A97A9360026EBC2 /* minutes.txt */ = {isa = PBXFileReference; lastKnownFileType = text; path = minutes.txt; sourceTree = "<group>"; };
		9C0EB4F52A97A93D0026EBC2 /* hours.txt */ = {isa = PBXFileReference; lastKnownFileType = text; path = hours.txt; sourceTree = "<group>"; };
		9C0EB4F62A97A94E0026EBC2 /* year.txt */ = {isa = PBXFileReference; lastKnownFileType = text; path = year.txt; sourceTree = "<group>"; };
		9C0EB4F72A97A9560026EBC2 /* month.txt */ = {isa = PBXFileReference; lastKnownFileType = text; path = month.txt; sourceTree = "<group>"; };
		9C0EB4F82A97A95D0026EBC2 /* day.txt */ = {isa = PBXFileReference; lastKnownFileType = text; path = day.txt; sourceTree = "<group>"; };
		9C0EB4FA2A9825500026EBC2 /* parseDate.txt */ = {isa = PBXFileReference; lastKnownFileType = text; path = parseDate.txt; sourceTree = "<group>"; };
		9C0EB4FB2A9825620026EBC2 /* parseTime.txt */ = {isa = PBXFileReference; lastKnownFileType = text; path = parseTime.txt; sourceTree = "<group>"; };
		9C0EB4FC2A9840960026EBC2 /* timezone.txt */ = {isa = PBXFileReference; lastKnownFileType = text; path = timezone.txt; sourceTree = "<group>"; };
		9C0EB4FD2A9841CD0026EBC2 /* timezoneDetail.txt */ = {isa = PBXFileReference; lastKnownFileType = text; path = timezoneDetail.txt; sourceTree = "<group>"; };
		9C0EB4FE2A9842680026EBC2 /* timezoneOffset.txt */ = {isa = PBXFileReference; lastKnownFileType = text; path = timezoneOffset.txt; sourceTree = "<group>"; };
		9C1246932ABE34D900692A3B /* socket.h */ = {isa = PBXFileReference; lastKnownFileType = sourcecode.c.h; path = socket.h; sourceTree = "<group>"; };
		9C1246942ABE34EE00692A3B /* socket.cpp */ = {isa = PBXFileReference; lastKnownFileType = sourcecode.cpp.cpp; path = socket.cpp; sourceTree = "<group>"; };
		9C1246982ABE361C00692A3B /* sender.txt */ = {isa = PBXFileReference; lastKnownFileType = text; path = sender.txt; sourceTree = "<group>"; };
		9C1246992ABE363200692A3B /* receiver.txt */ = {isa = PBXFileReference; lastKnownFileType = text; path = receiver.txt; sourceTree = "<group>"; };
		9C12469B2ABE368F00692A3B /* sender.txt */ = {isa = PBXFileReference; lastKnownFileType = text; path = sender.txt; sourceTree = "<group>"; };
		9C12469C2ABE369900692A3B /* receiver.txt */ = {isa = PBXFileReference; lastKnownFileType = text; path = receiver.txt; sourceTree = "<group>"; };
		9C12469F2ABE36B900692A3B /* sender.txt */ = {isa = PBXFileReference; lastKnownFileType = text; path = sender.txt; sourceTree = "<group>"; };
		9C1246A02ABE36C300692A3B /* receiver.txt */ = {isa = PBXFileReference; lastKnownFileType = text; path = receiver.txt; sourceTree = "<group>"; };
		9C1246AF2ABE3A6700692A3B /* mysql.h */ = {isa = PBXFileReference; lastKnownFileType = sourcecode.c.h; path = mysql.h; sourceTree = "<group>"; };
		9C1246B02ABE3A7600692A3B /* mysql.cpp */ = {isa = PBXFileReference; lastKnownFileType = sourcecode.cpp.cpp; path = mysql.cpp; sourceTree = "<group>"; };
		9C1246B42ABE825100692A3B /* sender.txt */ = {isa = PBXFileReference; lastKnownFileType = text; path = sender.txt; sourceTree = "<group>"; };
		9C1246B52ABE83CB00692A3B /* receiver.txt */ = {isa = PBXFileReference; lastKnownFileType = text; path = receiver.txt; sourceTree = "<group>"; };
		9C163A712A3E0C4D006CAABD /* function_statement.cpp */ = {isa = PBXFileReference; lastKnownFileType = sourcecode.cpp.cpp; path = function_statement.cpp; sourceTree = "<group>"; };
		9C163A792A3E31CC006CAABD /* if_statement.cpp */ = {isa = PBXFileReference; lastKnownFileType = sourcecode.cpp.cpp; path = if_statement.cpp; sourceTree = "<group>"; };
		9C163A7C2A3E329D006CAABD /* else_if_statement.cpp */ = {isa = PBXFileReference; lastKnownFileType = sourcecode.cpp.cpp; path = else_if_statement.cpp; sourceTree = "<group>"; };
		9C163A7F2A3E3324006CAABD /* else_statement.cpp */ = {isa = PBXFileReference; lastKnownFileType = sourcecode.cpp.cpp; path = else_statement.cpp; sourceTree = "<group>"; };
		9C163A822A3E3390006CAABD /* try_statement.cpp */ = {isa = PBXFileReference; lastKnownFileType = sourcecode.cpp.cpp; path = try_statement.cpp; sourceTree = "<group>"; };
		9C163A852A3E3438006CAABD /* catch_statement.cpp */ = {isa = PBXFileReference; lastKnownFileType = sourcecode.cpp.cpp; path = catch_statement.cpp; sourceTree = "<group>"; };
		9C163A882A3E35C4006CAABD /* finally_statement.cpp */ = {isa = PBXFileReference; lastKnownFileType = sourcecode.cpp.cpp; path = finally_statement.cpp; sourceTree = "<group>"; };
		9C1BB8BD2A364955006E4360 /* spliceCol.txt */ = {isa = PBXFileReference; lastKnownFileType = text; path = spliceCol.txt; sourceTree = "<group>"; };
		9C1BB8C02A36BD15006E4360 /* file.cpp */ = {isa = PBXFileReference; lastKnownFileType = sourcecode.cpp.cpp; path = file.cpp; sourceTree = "<group>"; };
		9C1CFB392915ED2500584726 /* utility.cpp */ = {isa = PBXFileReference; lastKnownFileType = sourcecode.cpp.cpp; path = utility.cpp; sourceTree = "<group>"; };
		9C1CFB3B2915ED8500584726 /* logic.h */ = {isa = PBXFileReference; fileEncoding = 4; lastKnownFileType = sourcecode.c.h; path = logic.h; sourceTree = "<group>"; };
		9C1CFB3C2915ED8500584726 /* logic.cpp */ = {isa = PBXFileReference; fileEncoding = 4; lastKnownFileType = sourcecode.cpp.cpp; path = logic.cpp; sourceTree = "<group>"; };
		9C1F8A892A7C9AD400A8CD92 /* timezones.txt */ = {isa = PBXFileReference; lastKnownFileType = text; path = timezones.txt; sourceTree = "<group>"; };
		9C380BD52A2828E60065EAE9 /* padStart.txt */ = {isa = PBXFileReference; lastKnownFileType = text; path = padStart.txt; sourceTree = "<group>"; };
		9C380BD62A2829BD0065EAE9 /* padEnd.txt */ = {isa = PBXFileReference; lastKnownFileType = text; path = padEnd.txt; sourceTree = "<group>"; };
		9C3DC9EF2AC8981E0014F28A /* exception.h */ = {isa = PBXFileReference; lastKnownFileType = sourcecode.c.h; path = exception.h; sourceTree = "<group>"; };
		9C3DC9F02AC898290014F28A /* exception.cpp */ = {isa = PBXFileReference; lastKnownFileType = sourcecode.cpp.cpp; path = exception.cpp; sourceTree = "<group>"; };
		9C46099B2AC4908A0091AECC /* README.md */ = {isa = PBXFileReference; lastKnownFileType = net.daringfireball.markdown; path = README.md; sourceTree = "<group>"; };
		9C4609A02AC4B97F0091AECC /* Operators.md */ = {isa = PBXFileReference; lastKnownFileType = net.daringfireball.markdown; path = Operators.md; sourceTree = "<group>"; };
		9C4609A22AC4BB110091AECC /* Functions.md */ = {isa = PBXFileReference; lastKnownFileType = net.daringfireball.markdown; path = Functions.md; sourceTree = "<group>"; };
		9C4609A32AC4C20C0091AECC /* matMult.txt */ = {isa = PBXFileReference; lastKnownFileType = text; path = matMult.txt; sourceTree = "<group>"; };
		9C4E27872A6105E10047781B /* months.txt */ = {isa = PBXFileReference; lastKnownFileType = text; path = months.txt; sourceTree = "<group>"; };
		9C4E27912A610D120047781B /* weekdays.txt */ = {isa = PBXFileReference; lastKnownFileType = text; path = weekdays.txt; sourceTree = "<group>"; };
		9C4E27962A6237290047781B /* expectExcept.txt */ = {isa = PBXFileReference; lastKnownFileType = text; path = expectExcept.txt; sourceTree = "<group>"; };
		9C4E27972A6237B70047781B /* typeExcept.txt */ = {isa = PBXFileReference; lastKnownFileType = text; path = typeExcept.txt; sourceTree = "<group>"; };
		9C4E9ED829EEDDC70048F743 /* statement.h */ = {isa = PBXFileReference; lastKnownFileType = sourcecode.c.h; path = statement.h; sourceTree = "<group>"; };
		9C4E9EDC29EEE0B70048F743 /* sort.txt */ = {isa = PBXFileReference; lastKnownFileType = text; path = sort.txt; sourceTree = "<group>"; };
		9C4E9EDD29EEE0FB0048F743 /* echo_statement.h */ = {isa = PBXFileReference; lastKnownFileType = sourcecode.c.h; path = echo_statement.h; sourceTree = "<group>"; };
		9C5570BA29FB4510006C848E /* isUpper.txt */ = {isa = PBXFileReference; lastKnownFileType = text; path = isUpper.txt; sourceTree = "<group>"; };
		9C5570BB29FB4521006C848E /* isLower.txt */ = {isa = PBXFileReference; lastKnownFileType = text; path = isLower.txt; sourceTree = "<group>"; };
		9C5570BC29FB4537006C848E /* lastIndexOf.txt */ = {isa = PBXFileReference; lastKnownFileType = text; path = lastIndexOf.txt; sourceTree = "<group>"; };
		9C5570BD29FB4752006C848E /* file.h */ = {isa = PBXFileReference; lastKnownFileType = sourcecode.c.h; path = file.h; sourceTree = "<group>"; };
		9C5570BF29FB8F63006C848E /* digits.txt */ = {isa = PBXFileReference; lastKnownFileType = text; path = digits.txt; sourceTree = "<group>"; };
		9C63BED529F0F071008C46ED /* continue_statement.h */ = {isa = PBXFileReference; lastKnownFileType = sourcecode.c.h; path = continue_statement.h; sourceTree = "<group>"; };
		9C63BEDA29F0F6B3008C46ED /* main.txt */ = {isa = PBXFileReference; lastKnownFileType = text; path = main.txt; sourceTree = "<group>"; };
		9C63BEDB29F0F7A9008C46ED /* return_statement.h */ = {isa = PBXFileReference; lastKnownFileType = sourcecode.c.h; path = return_statement.h; sourceTree = "<group>"; };
		9C63BEDD29F0FF29008C46ED /* gcd.txt */ = {isa = PBXFileReference; lastKnownFileType = text; path = gcd.txt; sourceTree = "<group>"; };
		9C63BEDE29F16632008C46ED /* do_while_statement.h */ = {isa = PBXFileReference; lastKnownFileType = sourcecode.c.h; path = do_while_statement.h; sourceTree = "<group>"; };
		9C63BEF529F1DD98008C46ED /* SimpleScript */ = {isa = PBXFileReference; explicitFileType = "compiled.mach-o.executable"; includeInIndex = 0; path = SimpleScript; sourceTree = BUILT_PRODUCTS_DIR; };
		9C63BF0029F1DE3A008C46ED /* main.cpp */ = {isa = PBXFileReference; lastKnownFileType = sourcecode.cpp.cpp; path = main.cpp; sourceTree = "<group>"; };
		9C67CE272ADAE8AA00B4B071 /* file_statement.h */ = {isa = PBXFileReference; lastKnownFileType = sourcecode.c.h; path = file_statement.h; sourceTree = "<group>"; };
		9C67CE282ADAE99F00B4B071 /* file_statement.cpp */ = {isa = PBXFileReference; lastKnownFileType = sourcecode.cpp.cpp; path = file_statement.cpp; sourceTree = "<group>"; };
		9C67CE2B2ADAFE1200B4B071 /* logger.h */ = {isa = PBXFileReference; lastKnownFileType = sourcecode.c.h; path = logger.h; sourceTree = "<group>"; };
		9C67CE2C2ADAFED400B4B071 /* logger.cpp */ = {isa = PBXFileReference; lastKnownFileType = sourcecode.cpp.cpp; path = logger.cpp; sourceTree = "<group>"; };
		9C67CE382ADCE28000B4B071 /* thenByRow.txt */ = {isa = PBXFileReference; lastKnownFileType = text; path = thenByRow.txt; sourceTree = "<group>"; };
		9C67CE392ADCE28800B4B071 /* thenByCol.txt */ = {isa = PBXFileReference; lastKnownFileType = text; path = thenByCol.txt; sourceTree = "<group>"; };
		9C6DD85529480B2A00EF8D62 /* function_t.h */ = {isa = PBXFileReference; lastKnownFileType = sourcecode.c.h; path = function_t.h; sourceTree = "<group>"; };
		9C6F3C3A290CA179004559AB /* arithmetic.cpp */ = {isa = PBXFileReference; lastKnownFileType = sourcecode.cpp.cpp; path = arithmetic.cpp; sourceTree = "<group>"; };
		9C7231132AD3C3BF00FD57C8 /* main.cpp */ = {isa = PBXFileReference; lastKnownFileType = sourcecode.cpp.cpp; path = main.cpp; sourceTree = "<group>"; };
		9C7231152AD3C5B800FD57C8 /* main.cpp */ = {isa = PBXFileReference; lastKnownFileType = sourcecode.cpp.cpp; path = main.cpp; sourceTree = "<group>"; };
		9C72311A2AD44CA500FD57C8 /* calendar.txt */ = {isa = PBXFileReference; lastKnownFileType = text; path = calendar.txt; sourceTree = "<group>"; };
		9C7C9E7129F8E19800053DA2 /* variance.txt */ = {isa = PBXFileReference; lastKnownFileType = text; path = variance.txt; sourceTree = "<group>"; };
		9C7C9E7229F8E1A300053DA2 /* deviation.txt */ = {isa = PBXFileReference; lastKnownFileType = text; path = deviation.txt; sourceTree = "<group>"; };
		9C7C9E7429F8E1D700053DA2 /* indexOf.txt */ = {isa = PBXFileReference; lastKnownFileType = text; path = indexOf.txt; sourceTree = "<group>"; };
		9C7C9E7629F8E23700053DA2 /* exception_statement.h */ = {isa = PBXFileReference; lastKnownFileType = sourcecode.c.h; path = exception_statement.h; sourceTree = "<group>"; };
		9C7C9E7729F8E3FC00053DA2 /* startsWith.txt */ = {isa = PBXFileReference; lastKnownFileType = text; path = startsWith.txt; sourceTree = "<group>"; };
		9C7C9E7829F994F600053DA2 /* endsWith.txt */ = {isa = PBXFileReference; lastKnownFileType = text; path = endsWith.txt; sourceTree = "<group>"; };
		9C7C9E7929F9DD1800053DA2 /* try_statement.h */ = {isa = PBXFileReference; lastKnownFileType = sourcecode.c.h; path = try_statement.h; sourceTree = "<group>"; };
		9C7C9E7C29FA268500053DA2 /* catch_statement.h */ = {isa = PBXFileReference; lastKnownFileType = sourcecode.c.h; path = catch_statement.h; sourceTree = "<group>"; };
		9C7C9E7D29FA26EC00053DA2 /* finally_statement.h */ = {isa = PBXFileReference; lastKnownFileType = sourcecode.c.h; path = finally_statement.h; sourceTree = "<group>"; };
		9C7C9E8029FAC7D400053DA2 /* trim.txt */ = {isa = PBXFileReference; lastKnownFileType = text; path = trim.txt; sourceTree = "<group>"; };
		9C7C9E8129FAC80900053DA2 /* trimStart.txt */ = {isa = PBXFileReference; lastKnownFileType = text; path = trimStart.txt; sourceTree = "<group>"; };
		9C7C9E8229FAC82500053DA2 /* trimEnd.txt */ = {isa = PBXFileReference; lastKnownFileType = text; path = trimEnd.txt; sourceTree = "<group>"; };
		9C7C9E8429FAC86100053DA2 /* split.txt */ = {isa = PBXFileReference; lastKnownFileType = text; path = split.txt; sourceTree = "<group>"; };
		9C7D3C6A2A084931007C606C /* function_statement.h */ = {isa = PBXFileReference; lastKnownFileType = sourcecode.c.h; path = function_statement.h; sourceTree = "<group>"; };
		9C8AB7512947C30E00D4A7ED /* function.h */ = {isa = PBXFileReference; lastKnownFileType = sourcecode.c.h; path = function.h; sourceTree = "<group>"; };
		9C8E72232A0B1B7C00871E44 /* distinct.txt */ = {isa = PBXFileReference; lastKnownFileType = text; path = distinct.txt; sourceTree = "<group>"; };
		9C8E72262A0C9BFD00871E44 /* for_statement.h */ = {isa = PBXFileReference; lastKnownFileType = sourcecode.c.h; path = for_statement.h; sourceTree = "<group>"; };
		9C9713F82AC1F52600FDB285 /* julian.txt */ = {isa = PBXFileReference; lastKnownFileType = text; path = julian.txt; sourceTree = "<group>"; };
		9C9E11D72A67051400308BB3 /* padNumber.txt */ = {isa = PBXFileReference; lastKnownFileType = text; path = padNumber.txt; sourceTree = "<group>"; };
		9C9E11DC2A67968600308BB3 /* mode.txt */ = {isa = PBXFileReference; lastKnownFileType = text; path = mode.txt; sourceTree = "<group>"; };
		9C9E11DD2A679A9A00308BB3 /* commonWord.txt */ = {isa = PBXFileReference; lastKnownFileType = text; path = commonWord.txt; sourceTree = "<group>"; };
		9C9E11DE2A684BAC00308BB3 /* rangeExcept.txt */ = {isa = PBXFileReference; lastKnownFileType = text; path = rangeExcept.txt; sourceTree = "<group>"; };
		9C9E11E02A684D8C00308BB3 /* isLeapYear.txt */ = {isa = PBXFileReference; lastKnownFileType = text; path = isLeapYear.txt; sourceTree = "<group>"; };
		9C9E11E12A68553D00308BB3 /* reverseRows.txt */ = {isa = PBXFileReference; lastKnownFileType = text; path = reverseRows.txt; sourceTree = "<group>"; };
		9C9E11E52A6870D500308BB3 /* isDaylightSavings.txt */ = {isa = PBXFileReference; lastKnownFileType = text; path = isDaylightSavings.txt; sourceTree = "<group>"; };
		9C9E11E82A6A2A4E00308BB3 /* addDays.txt */ = {isa = PBXFileReference; lastKnownFileType = text; path = addDays.txt; sourceTree = "<group>"; };
		9C9E11E92A6A2B0700308BB3 /* addHours.txt */ = {isa = PBXFileReference; lastKnownFileType = text; path = addHours.txt; sourceTree = "<group>"; };
		9C9E11EA2A6A2B2800308BB3 /* addMinutes.txt */ = {isa = PBXFileReference; lastKnownFileType = text; path = addMinutes.txt; sourceTree = "<group>"; };
		9C9E11EB2A6AC80100308BB3 /* nrows.txt */ = {isa = PBXFileReference; lastKnownFileType = text; path = nrows.txt; sourceTree = "<group>"; };
		9C9E11F52A6F689600308BB3 /* string.txt */ = {isa = PBXFileReference; lastKnownFileType = text; path = string.txt; sourceTree = "<group>"; };
		9C9E11F62A70A8F400308BB3 /* node.h */ = {isa = PBXFileReference; lastKnownFileType = sourcecode.c.h; path = node.h; sourceTree = "<group>"; };
		9C9E11F92A755B5800308BB3 /* config.txt */ = {isa = PBXFileReference; lastKnownFileType = text; path = config.txt; sourceTree = "<group>"; };
		9C9E11FA2A75743C00308BB3 /* ncols.txt */ = {isa = PBXFileReference; lastKnownFileType = text; path = ncols.txt; sourceTree = "<group>"; };
		9C9E11FB2A75748500308BB3 /* spliceRow.txt */ = {isa = PBXFileReference; lastKnownFileType = text; path = spliceRow.txt; sourceTree = "<group>"; };
		9C9E12002A75768300308BB3 /* reverseCols.txt */ = {isa = PBXFileReference; lastKnownFileType = text; path = reverseCols.txt; sourceTree = "<group>"; };
		9C9E12052A783E4700308BB3 /* insertion.txt */ = {isa = PBXFileReference; lastKnownFileType = text; path = insertion.txt; sourceTree = "<group>"; };
		9C9E12062A783E5800308BB3 /* bubble.txt */ = {isa = PBXFileReference; lastKnownFileType = text; path = bubble.txt; sourceTree = "<group>"; };
		9C9E12072A783F0E00308BB3 /* selection.txt */ = {isa = PBXFileReference; lastKnownFileType = text; path = selection.txt; sourceTree = "<group>"; };
		9CA122102AC60F0F000CB6B7 /* sleep_statement.h */ = {isa = PBXFileReference; lastKnownFileType = sourcecode.c.h; path = sleep_statement.h; sourceTree = "<group>"; };
		9CA157832A11B840009201E1 /* statement_t.cpp */ = {isa = PBXFileReference; lastKnownFileType = sourcecode.cpp.cpp; path = statement_t.cpp; sourceTree = "<group>"; };
		9CA436C72A1457480089F270 /* sum.txt */ = {isa = PBXFileReference; lastKnownFileType = text; path = sum.txt; sourceTree = "<group>"; };
		9CA5D7732A0F47A0001C560E /* tokens.txt */ = {isa = PBXFileReference; lastKnownFileType = text; path = tokens.txt; sourceTree = "<group>"; };
		9CA5D77A2A0F7BD9001C560E /* error.h */ = {isa = PBXFileReference; lastKnownFileType = sourcecode.c.h; path = error.h; sourceTree = "<group>"; };
		9CA5D77B2A0F7C27001C560E /* error.cpp */ = {isa = PBXFileReference; lastKnownFileType = sourcecode.cpp.cpp; path = error.cpp; sourceTree = "<group>"; };
		9CAA099A29EEFFF50086A4BE /* if_statement.h */ = {isa = PBXFileReference; lastKnownFileType = sourcecode.c.h; path = if_statement.h; sourceTree = "<group>"; };
		9CAA099C29EF03ED0086A4BE /* else_if_statement.h */ = {isa = PBXFileReference; lastKnownFileType = sourcecode.c.h; path = else_if_statement.h; sourceTree = "<group>"; };
		9CAA099D29EF33110086A4BE /* else_statement.h */ = {isa = PBXFileReference; lastKnownFileType = sourcecode.c.h; path = else_statement.h; sourceTree = "<group>"; };
		9CAA099E29EF42A90086A4BE /* while_statement.h */ = {isa = PBXFileReference; lastKnownFileType = sourcecode.c.h; path = while_statement.h; sourceTree = "<group>"; };
		9CAA099F29EF5F6D0086A4BE /* reverse.txt */ = {isa = PBXFileReference; lastKnownFileType = text; path = reverse.txt; sourceTree = "<group>"; };
		9CAA09A129EF76320086A4BE /* break_statement.h */ = {isa = PBXFileReference; lastKnownFileType = sourcecode.c.h; path = break_statement.h; sourceTree = "<group>"; };
		9CB2B0502A806ACE00F0B735 /* prefix.txt */ = {isa = PBXFileReference; lastKnownFileType = text; path = prefix.txt; sourceTree = "<group>"; };
		9CB2B0522A80AB5000F0B735 /* FleetAreaName.txt */ = {isa = PBXFileReference; lastKnownFileType = text; path = FleetAreaName.txt; sourceTree = "<group>"; };
		9CB2B0532A80B24E00F0B735 /* bst.h */ = {isa = PBXFileReference; lastKnownFileType = sourcecode.c.h; path = bst.h; sourceTree = "<group>"; };
		9CB2B0542A81280900F0B735 /* build.txt */ = {isa = PBXFileReference; lastKnownFileType = text; path = build.txt; sourceTree = "<group>"; };
		9CB2B05A2A82812A00F0B735 /* bst.txt */ = {isa = PBXFileReference; lastKnownFileType = text; path = bst.txt; sourceTree = "<group>"; };
		9CB565E229F439390095216F /* mode.txt */ = {isa = PBXFileReference; lastKnownFileType = text; path = mode.txt; sourceTree = "<group>"; };
		9CB565E429F43F260095216F /* median.txt */ = {isa = PBXFileReference; lastKnownFileType = text; path = median.txt; sourceTree = "<group>"; };
		9CB565E529F4403B0095216F /* mean.txt */ = {isa = PBXFileReference; lastKnownFileType = text; path = mean.txt; sourceTree = "<group>"; };
		9CC45BF12A47C83000A6D1C6 /* replace.txt */ = {isa = PBXFileReference; lastKnownFileType = text; path = replace.txt; sourceTree = "<group>"; };
		9CC45BF22A47CE4900A6D1C6 /* replaceAll.txt */ = {isa = PBXFileReference; lastKnownFileType = text; path = replaceAll.txt; sourceTree = "<group>"; };
		9CC45BF32A47D4BE00A6D1C6 /* words.txt */ = {isa = PBXFileReference; lastKnownFileType = text; path = words.txt; sourceTree = "<group>"; };
		9CC45BF52A47E0C500A6D1C6 /* matMult.txt */ = {isa = PBXFileReference; lastKnownFileType = text; path = matMult.txt; sourceTree = "<group>"; };
		9CC47F7C29FF72D100873705 /* shuffle.txt */ = {isa = PBXFileReference; lastKnownFileType = text; path = shuffle.txt; sourceTree = "<group>"; };
		9CC49D872A29653400ABB949 /* tuo.h */ = {isa = PBXFileReference; lastKnownFileType = sourcecode.c.h; path = tuo.h; sourceTree = "<group>"; };
		9CC64C5C290C9403000D3C48 /* arithmetic.h */ = {isa = PBXFileReference; lastKnownFileType = sourcecode.c.h; path = arithmetic.h; sourceTree = "<group>"; };
		9CCADCB02A2BCA1100F0189C /* assert_statement.h */ = {isa = PBXFileReference; lastKnownFileType = sourcecode.c.h; path = assert_statement.h; sourceTree = "<group>"; };
		9CCADCBB2A2D55D600F0189C /* uuid.txt */ = {isa = PBXFileReference; lastKnownFileType = text; path = uuid.txt; sourceTree = "<group>"; };
		9CCADCBE2A2D609600F0189C /* unit_3_test_data.csv */ = {isa = PBXFileReference; lastKnownFileType = text; path = unit_3_test_data.csv; sourceTree = "<group>"; };
		9CCADCC52A2E780400F0189C /* consume_statement.h */ = {isa = PBXFileReference; lastKnownFileType = sourcecode.c.h; path = consume_statement.h; sourceTree = "<group>"; };
		9CCADCC82A31362200F0189C /* stack.h */ = {isa = PBXFileReference; lastKnownFileType = sourcecode.c.h; path = stack.h; sourceTree = "<group>"; };
		9CCBFC602A37D7BB00AB115B /* while_statement.cpp */ = {isa = PBXFileReference; lastKnownFileType = sourcecode.cpp.cpp; path = while_statement.cpp; sourceTree = "<group>"; };
		9CCBFC632A37D8F600AB115B /* for_statement.cpp */ = {isa = PBXFileReference; lastKnownFileType = sourcecode.cpp.cpp; path = for_statement.cpp; sourceTree = "<group>"; };
		9CCBFC662A37DA2C00AB115B /* do_while_statement.cpp */ = {isa = PBXFileReference; lastKnownFileType = sourcecode.cpp.cpp; path = do_while_statement.cpp; sourceTree = "<group>"; };
		9CD02C5A2A85AB0B00CA3C73 /* build.txt */ = {isa = PBXFileReference; lastKnownFileType = text; path = build.txt; sourceTree = "<group>"; };
		9CD263FA2A3AC3AB00613C71 /* multMat.txt */ = {isa = PBXFileReference; lastKnownFileType = text; path = multMat.txt; sourceTree = "<group>"; };
		9CD57B8E2989EC3200EBB6E7 /* array.h */ = {isa = PBXFileReference; lastKnownFileType = sourcecode.c.h; path = array.h; sourceTree = "<group>"; };
		9CE5DE522A18667200AF1B33 /* swapRows.txt */ = {isa = PBXFileReference; lastKnownFileType = text; path = swapRows.txt; sourceTree = "<group>"; };
		9CE5DE542A186D2F00AF1B33 /* swapCols.txt */ = {isa = PBXFileReference; lastKnownFileType = text; path = swapCols.txt; sourceTree = "<group>"; };
		9CE5DE572A187C6600AF1B33 /* factorial.txt */ = {isa = PBXFileReference; lastKnownFileType = text; path = factorial.txt; sourceTree = "<group>"; };
		9CE5DE592A1880F500AF1B33 /* sortRows.txt */ = {isa = PBXFileReference; lastKnownFileType = text; path = sortRows.txt; sourceTree = "<group>"; };
		9CE5DE5D2A18812100AF1B33 /* sortCols.txt */ = {isa = PBXFileReference; lastKnownFileType = text; path = sortCols.txt; sourceTree = "<group>"; };
		9CE5DE622A1AFC4000AF1B33 /* factorial.txt */ = {isa = PBXFileReference; lastKnownFileType = text; path = factorial.txt; sourceTree = "<group>"; };
		9CEB6DF32AC64A8800FD386C /* LICENSE.txt */ = {isa = PBXFileReference; lastKnownFileType = text; path = LICENSE.txt; sourceTree = "<group>"; };
		9CEDD9E8290CAA9100BB5B1F /* operator_t.h */ = {isa = PBXFileReference; lastKnownFileType = sourcecode.c.h; path = operator_t.h; sourceTree = "<group>"; };
		9CEDD9E9290CAC6400BB5B1F /* bao_t.h */ = {isa = PBXFileReference; lastKnownFileType = sourcecode.c.h; path = bao_t.h; sourceTree = "<group>"; };
		9CEDD9EB290CAF1500BB5B1F /* bao.h */ = {isa = PBXFileReference; lastKnownFileType = sourcecode.c.h; path = bao.h; sourceTree = "<group>"; };
		9CEDD9EE290CB9AC00BB5B1F /* bbao.h */ = {isa = PBXFileReference; lastKnownFileType = sourcecode.c.h; path = bbao.h; sourceTree = "<group>"; };
		9CEDD9F1290D79CF00BB5B1F /* uao.h */ = {isa = PBXFileReference; lastKnownFileType = sourcecode.c.h; path = uao.h; sourceTree = "<group>"; };
		9CEDD9F4290D7E4D00BB5B1F /* blo.h */ = {isa = PBXFileReference; lastKnownFileType = sourcecode.c.h; path = blo.h; sourceTree = "<group>"; };
		9CEDD9F5290D817400BB5B1F /* ulo.h */ = {isa = PBXFileReference; lastKnownFileType = sourcecode.c.h; path = ulo.h; sourceTree = "<group>"; };
		9CEDD9F92911F50000BB5B1F /* utility.h */ = {isa = PBXFileReference; lastKnownFileType = sourcecode.c.h; path = utility.h; sourceTree = "<group>"; };
		9CF737F629EA600C00E279D9 /* statement_t.h */ = {isa = PBXFileReference; lastKnownFileType = sourcecode.c.h; path = statement_t.h; sourceTree = "<group>"; };
		9CF8653D291ACF6900CFCF26 /* buo.h */ = {isa = PBXFileReference; lastKnownFileType = sourcecode.c.h; path = buo.h; sourceTree = "<group>"; };
		9CF8653E291AD11300CFCF26 /* uuo.h */ = {isa = PBXFileReference; lastKnownFileType = sourcecode.c.h; path = uuo.h; sourceTree = "<group>"; };
		9CF8653F291AD65300CFCF26 /* interpreter.h */ = {isa = PBXFileReference; lastKnownFileType = sourcecode.c.h; path = interpreter.h; sourceTree = "<group>"; };
		9CF86541291AF97E00CFCF26 /* interpreter.cpp */ = {isa = PBXFileReference; lastKnownFileType = sourcecode.cpp.cpp; path = interpreter.cpp; sourceTree = "<group>"; };
		9CFBD95A29EF83FA00CFECC1 /* control_statement.h */ = {isa = PBXFileReference; lastKnownFileType = sourcecode.c.h; path = control_statement.h; sourceTree = "<group>"; };
/* End PBXFileReference section */

/* Begin PBXFrameworksBuildPhase section */
		9C63BEF229F1DD98008C46ED /* Frameworks */ = {
			isa = PBXFrameworksBuildPhase;
			buildActionMask = 2147483647;
			files = (
			);
			runOnlyForDeploymentPostprocessing = 0;
		};
/* End PBXFrameworksBuildPhase section */

/* Begin PBXGroup section */
		9C0A92042ABFFB51007493D0 /* api */ = {
			isa = PBXGroup;
			children = (
				9C0A92052ABFFB5B007493D0 /* apiServer.txt */,
				9C0A92062ABFFB63007493D0 /* app.txt */,
			);
			path = api;
			sourceTree = "<group>";
		};
		9C0B9F0F2A9C48040082568B /* datetime */ = {
			isa = PBXGroup;
			children = (
				9C0B9F102A9C48650082568B /* example_1.txt */,
				9C0B9F112A9C57540082568B /* example_2.txt */,
				9C0B9F132A9CEBD90082568B /* example_3.txt */,
				9C0B9F152A9E7DAE0082568B /* example_4.txt */,
				9C0B9F172AA10A370082568B /* example_5.txt */,
				9C0B9F182AA110290082568B /* example_6.txt */,
				9C0B9F192AA11BE70082568B /* example_7.txt */,
			);
			path = datetime;
			sourceTree = "<group>";
		};
		9C0B9F1E2AA30A1B0082568B /* mysql */ = {
			isa = PBXGroup;
			children = (
				9C0B9F1D2AA309D30082568B /* musicLibrary.txt */,
				9C0B9F1F2AA312FC0082568B /* sqlTime.txt */,
				9C0A92082AC14B30007493D0 /* preparedStatements.txt */,
			);
			path = mysql;
			sourceTree = "<group>";
		};
		9C0EB4F02A9694B80026EBC2 /* date */ = {
			isa = PBXGroup;
			children = (
				9C0EB4E72A9689E00026EBC2 /* date.txt */,
				9C0EB4F82A97A95D0026EBC2 /* day.txt */,
				9C9E11E52A6870D500308BB3 /* isDaylightSavings.txt */,
				9C9E11E02A684D8C00308BB3 /* isLeapYear.txt */,
				9C0EB4F72A97A9560026EBC2 /* month.txt */,
				9C0EB4FA2A9825500026EBC2 /* parseDate.txt */,
				9C0EB4E52A96882B0026EBC2 /* weekday.txt */,
				9C0EB4F62A97A94E0026EBC2 /* year.txt */,
			);
			path = date;
			sourceTree = "<group>";
		};
		9C0EB4F92A9814830026EBC2 /* time */ = {
			isa = PBXGroup;
			children = (
				9C0EB4F52A97A93D0026EBC2 /* hours.txt */,
				9C0B9F162AA1026D0082568B /* meridianTime.txt */,
				9C0EB4F42A97A9360026EBC2 /* minutes.txt */,
				9C0EB4FB2A9825620026EBC2 /* parseTime.txt */,
				9C0EB4F32A97A92E0026EBC2 /* seconds.txt */,
				9C0EB4E82A9690D70026EBC2 /* time.txt */,
			);
			path = time;
			sourceTree = "<group>";
		};
		9C1246922ABE34CE00692A3B /* socket */ = {
			isa = PBXGroup;
			children = (
				9C1246932ABE34D900692A3B /* socket.h */,
				9C1246942ABE34EE00692A3B /* socket.cpp */,
			);
			path = socket;
			sourceTree = "<group>";
		};
		9C1246962ABE360C00692A3B /* socket */ = {
			isa = PBXGroup;
			children = (
				9C0A92042ABFFB51007493D0 /* api */,
				9C1246B32ABE820A00692A3B /* file-transfer */,
				9C12469A2ABE367C00692A3B /* messenger */,
				9C1246972ABE361100692A3B /* time-server */,
			);
			path = socket;
			sourceTree = "<group>";
		};
		9C1246972ABE361100692A3B /* time-server */ = {
			isa = PBXGroup;
			children = (
				9C1246982ABE361C00692A3B /* sender.txt */,
				9C1246992ABE363200692A3B /* receiver.txt */,
			);
			path = "time-server";
			sourceTree = "<group>";
		};
		9C12469A2ABE367C00692A3B /* messenger */ = {
			isa = PBXGroup;
			children = (
				9C12469E2ABE36AD00692A3B /* client */,
				9C12469D2ABE369D00692A3B /* server */,
			);
			path = messenger;
			sourceTree = "<group>";
		};
		9C12469D2ABE369D00692A3B /* server */ = {
			isa = PBXGroup;
			children = (
				9C12469B2ABE368F00692A3B /* sender.txt */,
				9C12469C2ABE369900692A3B /* receiver.txt */,
			);
			path = server;
			sourceTree = "<group>";
		};
		9C12469E2ABE36AD00692A3B /* client */ = {
			isa = PBXGroup;
			children = (
				9C12469F2ABE36B900692A3B /* sender.txt */,
				9C1246A02ABE36C300692A3B /* receiver.txt */,
			);
			path = client;
			sourceTree = "<group>";
		};
		9C1246AD2ABE3A5600692A3B /* api */ = {
			isa = PBXGroup;
			children = (
				9C1246922ABE34CE00692A3B /* socket */,
				9C1246AE2ABE3A5E00692A3B /* mysql */,
			);
			path = api;
			sourceTree = "<group>";
		};
		9C1246AE2ABE3A5E00692A3B /* mysql */ = {
			isa = PBXGroup;
			children = (
				9C1246AF2ABE3A6700692A3B /* mysql.h */,
				9C1246B02ABE3A7600692A3B /* mysql.cpp */,
			);
			path = mysql;
			sourceTree = "<group>";
		};
		9C1246B32ABE820A00692A3B /* file-transfer */ = {
			isa = PBXGroup;
			children = (
				9C1246B42ABE825100692A3B /* sender.txt */,
				9C1246B52ABE83CB00692A3B /* receiver.txt */,
			);
			path = "file-transfer";
			sourceTree = "<group>";
		};
		9C163A702A3E0C27006CAABD /* function */ = {
			isa = PBXGroup;
			children = (
				9C67CE262ADAE89D00B4B071 /* file */,
				9C67CE252ADAE89000B4B071 /* function */,
			);
			path = function;
			sourceTree = "<group>";
		};
		9C163A742A3E2F95006CAABD /* interpreter */ = {
			isa = PBXGroup;
			children = (
				9CC49D892A296A1200ABB949 /* arithmetic */,
				9CC49D8A2A296A1A00ABB949 /* interpreter */,
				9CC49D882A296A0A00ABB949 /* logic */,
				9CEDD9E8290CAA9100BB5B1F /* operator_t.h */,
			);
			path = interpreter;
			sourceTree = "<group>";
		};
		9C163A762A3E3058006CAABD /* function */ = {
			isa = PBXGroup;
			children = (
				9C1BB8BF2A36BCEE006E4360 /* file */,
				9C67CE352ADCD71500B4B071 /* function */,
			);
			path = function;
			sourceTree = "<group>";
		};
		9C163A782A3E31BA006CAABD /* if */ = {
			isa = PBXGroup;
			children = (
				9CAA099A29EEFFF50086A4BE /* if_statement.h */,
				9C163A792A3E31CC006CAABD /* if_statement.cpp */,
			);
			path = if;
			sourceTree = "<group>";
		};
		9C163A7B2A3E3271006CAABD /* else if */ = {
			isa = PBXGroup;
			children = (
				9CAA099C29EF03ED0086A4BE /* else_if_statement.h */,
				9C163A7C2A3E329D006CAABD /* else_if_statement.cpp */,
			);
			path = "else if";
			sourceTree = "<group>";
		};
		9C163A7E2A3E331A006CAABD /* else */ = {
			isa = PBXGroup;
			children = (
				9CAA099D29EF33110086A4BE /* else_statement.h */,
				9C163A7F2A3E3324006CAABD /* else_statement.cpp */,
			);
			path = else;
			sourceTree = "<group>";
		};
		9C163A812A3E337D006CAABD /* try */ = {
			isa = PBXGroup;
			children = (
				9C7C9E7929F9DD1800053DA2 /* try_statement.h */,
				9C163A822A3E3390006CAABD /* try_statement.cpp */,
			);
			path = try;
			sourceTree = "<group>";
		};
		9C163A842A3E33DA006CAABD /* catch */ = {
			isa = PBXGroup;
			children = (
				9C7C9E7C29FA268500053DA2 /* catch_statement.h */,
				9C163A852A3E3438006CAABD /* catch_statement.cpp */,
			);
			path = catch;
			sourceTree = "<group>";
		};
		9C163A872A3E35B2006CAABD /* finally */ = {
			isa = PBXGroup;
			children = (
				9C7C9E7D29FA26EC00053DA2 /* finally_statement.h */,
				9C163A882A3E35C4006CAABD /* finally_statement.cpp */,
			);
			path = finally;
			sourceTree = "<group>";
		};
		9C1BB8BF2A36BCEE006E4360 /* file */ = {
			isa = PBXGroup;
			children = (
				9C5570BD29FB4752006C848E /* file.h */,
				9C1BB8C02A36BD15006E4360 /* file.cpp */,
			);
			path = file;
			sourceTree = "<group>";
		};
		9C1FE15F2A1802D600B11680 /* jump */ = {
			isa = PBXGroup;
			children = (
				9C163A842A3E33DA006CAABD /* catch */,
				9C163A872A3E35B2006CAABD /* finally */,
				9C163A812A3E337D006CAABD /* try */,
			);
			path = jump;
			sourceTree = "<group>";
		};
		9C3DC9EE2AC898110014F28A /* exception */ = {
			isa = PBXGroup;
			children = (
				9C3DC9EF2AC8981E0014F28A /* exception.h */,
				9C3DC9F02AC898290014F28A /* exception.cpp */,
			);
			path = exception;
			sourceTree = "<group>";
		};
		9C4609992AC3696F0091AECC /* qa-failed */ = {
			isa = PBXGroup;
			children = (
				9C4609A32AC4C20C0091AECC /* matMult.txt */,
				9CD02C5A2A85AB0B00CA3C73 /* build.txt */,
			);
			path = "qa-failed";
			sourceTree = "<group>";
		};
		9C46099A2AC3C3840091AECC /* qa-review */ = {
			isa = PBXGroup;
			children = (
			);
			path = "qa-review";
			sourceTree = "<group>";
		};
		9C4E27832A6104080047781B /* datetime */ = {
			isa = PBXGroup;
			children = (
				9C72311A2AD44CA500FD57C8 /* calendar.txt */,
				9C0EB4E42A96853F0026EBC2 /* dateString.txt */,
				9C0EB4ED2A96913B0026EBC2 /* isoString.txt */,
				9C9713F82AC1F52600FDB285 /* julian.txt */,
				9C0EB4E22A95BBAB0026EBC2 /* parseDate.txt */,
				9C0EB4E32A967F2C0026EBC2 /* parseTime.txt */,
				9C0EB4E62A9688350026EBC2 /* parseWeekday.txt */,
				9C0EB4FC2A9840960026EBC2 /* timezone.txt */,
				9C0EB4FD2A9841CD0026EBC2 /* timezoneDetail.txt */,
				9C0EB4FE2A9842680026EBC2 /* timezoneOffset.txt */,
				9C0B9F142A9CF8A80082568B /* timezoneOffsetString.txt */,
				9C9E11DB2A67790100308BB3 /* data */,
				9C0EB4F02A9694B80026EBC2 /* date */,
				9C0EB4F92A9814830026EBC2 /* time */,
				9C7874FB2A7C69430086D733 /* transform */,
			);
			path = datetime;
			sourceTree = "<group>";
		};
		9C4E9EDA29EEE0440048F743 /* control */ = {
			isa = PBXGroup;
			children = (
				9CFBD95A29EF83FA00CFECC1 /* control_statement.h */,
				9C163A702A3E0C27006CAABD /* function */,
				9C1FE15F2A1802D600B11680 /* jump */,
				9C7C9E7A29F9DD4B00053DA2 /* repetition */,
				9C7C9E7B29F9DD5500053DA2 /* selection */,
			);
			path = control;
			sourceTree = "<group>";
		};
		9C4E9EDB29EEE0940048F743 /* ssl */ = {
			isa = PBXGroup;
			children = (
				9CCADCC02A2E161E00F0189C /* private */,
				9CCADCBF2A2E15FE00F0189C /* public */,
			);
			path = ssl;
			sourceTree = "<group>";
		};
		9C63BED629F0F1BF008C46ED /* statement */ = {
			isa = PBXGroup;
			children = (
				9C4E9EDA29EEE0440048F743 /* control */,
				9CD35C7A2A3EC7B7007E1642 /* jump */,
				9C67CE2E2ADCD5F500B4B071 /* statement */,
				9C4E9EDD29EEE0FB0048F743 /* echo_statement.h */,
				9CCADCC52A2E780400F0189C /* consume_statement.h */,
				9CA122102AC60F0F000CB6B7 /* sleep_statement.h */,
				9C4E9ED829EEDDC70048F743 /* statement.h */,
			);
			path = statement;
			sourceTree = "<group>";
		};
		9C63BED729F0F221008C46ED /* SimpleScript */ = {
			isa = PBXGroup;
			children = (
				9CC49D8D2A296AAF00ABB949 /* src */,
				9C4E9EDB29EEE0940048F743 /* ssl */,
			);
			path = SimpleScript;
			sourceTree = "<group>";
		};
		9C67CE252ADAE89000B4B071 /* function */ = {
			isa = PBXGroup;
			children = (
				9C7D3C6A2A084931007C606C /* function_statement.h */,
				9C163A712A3E0C4D006CAABD /* function_statement.cpp */,
			);
			path = function;
			sourceTree = "<group>";
		};
		9C67CE262ADAE89D00B4B071 /* file */ = {
			isa = PBXGroup;
			children = (
				9C67CE272ADAE8AA00B4B071 /* file_statement.h */,
				9C67CE282ADAE99F00B4B071 /* file_statement.cpp */,
			);
			path = file;
			sourceTree = "<group>";
		};
		9C67CE2A2ADAFE0A00B4B071 /* logger */ = {
			isa = PBXGroup;
			children = (
				9C67CE2B2ADAFE1200B4B071 /* logger.h */,
				9C67CE2C2ADAFED400B4B071 /* logger.cpp */,
			);
			path = logger;
			sourceTree = "<group>";
		};
		9C67CE2E2ADCD5F500B4B071 /* statement */ = {
			isa = PBXGroup;
			children = (
				9CF737F629EA600C00E279D9 /* statement_t.h */,
				9CA157832A11B840009201E1 /* statement_t.cpp */,
			);
			path = statement;
			sourceTree = "<group>";
		};
		9C67CE2F2ADCD60F00B4B071 /* arithmetic */ = {
			isa = PBXGroup;
			children = (
				9CC64C5C290C9403000D3C48 /* arithmetic.h */,
				9C6F3C3A290CA179004559AB /* arithmetic.cpp */,
			);
			path = arithmetic;
			sourceTree = "<group>";
		};
		9C67CE302ADCD64D00B4B071 /* logic */ = {
			isa = PBXGroup;
			children = (
				9C1CFB3B2915ED8500584726 /* logic.h */,
				9C1CFB3C2915ED8500584726 /* logic.cpp */,
			);
			path = logic;
			sourceTree = "<group>";
		};
		9C67CE312ADCD68600B4B071 /* operator */ = {
			isa = PBXGroup;
			children = (
				9CEDD9EB290CAF1500BB5B1F /* bao.h */,
				9CEDD9E9290CAC6400BB5B1F /* bao_t.h */,
				9CEDD9EE290CB9AC00BB5B1F /* bbao.h */,
				9CEDD9F1290D79CF00BB5B1F /* uao.h */,
			);
			path = operator;
			sourceTree = "<group>";
		};
		9C67CE322ADCD6A300B4B071 /* operator */ = {
			isa = PBXGroup;
			children = (
				9CEDD9F4290D7E4D00BB5B1F /* blo.h */,
				9CEDD9F5290D817400BB5B1F /* ulo.h */,
			);
			path = operator;
			sourceTree = "<group>";
		};
		9C67CE332ADCD6CA00B4B071 /* interpreter */ = {
			isa = PBXGroup;
			children = (
				9CF8653F291AD65300CFCF26 /* interpreter.h */,
				9CF86541291AF97E00CFCF26 /* interpreter.cpp */,
			);
			path = interpreter;
			sourceTree = "<group>";
		};
		9C67CE342ADCD6D400B4B071 /* operator */ = {
			isa = PBXGroup;
			children = (
				9CF8653D291ACF6900CFCF26 /* buo.h */,
				9CC49D872A29653400ABB949 /* tuo.h */,
				9CF8653E291AD11300CFCF26 /* uuo.h */,
			);
			path = operator;
			sourceTree = "<group>";
		};
		9C67CE352ADCD71500B4B071 /* function */ = {
			isa = PBXGroup;
			children = (
				9C8AB7512947C30E00D4A7ED /* function.h */,
				9C6DD85529480B2A00EF8D62 /* function_t.h */,
			);
			path = function;
			sourceTree = "<group>";
		};
		9C67CE362ADCE25A00B4B071 /* thenBy */ = {
			isa = PBXGroup;
			children = (
				9C67CE392ADCE28800B4B071 /* thenByCol.txt */,
				9C67CE382ADCE28000B4B071 /* thenByRow.txt */,
			);
			path = thenBy;
			sourceTree = "<group>";
		};
		9C67CE372ADCE26F00B4B071 /* sort */ = {
			isa = PBXGroup;
			children = (
				9CE5DE5D2A18812100AF1B33 /* sortCols.txt */,
				9CE5DE592A1880F500AF1B33 /* sortRows.txt */,
			);
			path = sort;
			sourceTree = "<group>";
		};
		9C693F8D2AB506D500C044C6 /* math */ = {
			isa = PBXGroup;
			children = (
				9CC45BF52A47E0C500A6D1C6 /* matMult.txt */,
			);
			path = math;
			sourceTree = "<group>";
		};
		9C7874FB2A7C69430086D733 /* transform */ = {
			isa = PBXGroup;
			children = (
				9C9E11E82A6A2A4E00308BB3 /* addDays.txt */,
				9C9E11E92A6A2B0700308BB3 /* addHours.txt */,
				9C9E11EA2A6A2B2800308BB3 /* addMinutes.txt */,
				9C0EB4EB2A9691120026EBC2 /* addMonths.txt */,
				9C0EB4EA2A96910A0026EBC2 /* addWeeks.txt */,
				9C0EB4EC2A9691190026EBC2 /* addYears.txt */,
			);
			path = transform;
			sourceTree = "<group>";
		};
		9C7C9E6F29F8E0EF00053DA2 /* sort */ = {
			isa = PBXGroup;
			children = (
				9C8E72232A0B1B7C00871E44 /* distinct.txt */,
				9CAA099F29EF5F6D0086A4BE /* reverse.txt */,
				9CC47F7C29FF72D100873705 /* shuffle.txt */,
				9C4E9EDC29EEE0B70048F743 /* sort.txt */,
			);
			path = sort;
			sourceTree = "<group>";
		};
		9C7C9E7029F8E0FA00053DA2 /* math */ = {
			isa = PBXGroup;
			children = (
				9CE5DE572A187C6600AF1B33 /* factorial.txt */,
				9C63BEDD29F0FF29008C46ED /* gcd.txt */,
				9CD263FA2A3AC3AB00613C71 /* multMat.txt */,
				9CB565E329F43F010095216F /* stat */,
				9C9E12082A7848AF00308BB3 /* test */,
			);
			path = math;
			sourceTree = "<group>";
		};
		9C7C9E7329F8E1B800053DA2 /* search */ = {
			isa = PBXGroup;
			children = (
				9CB2B05C2A82AABA00F0B735 /* array */,
				9CB2B05B2A82AAAF00F0B735 /* string */,
			);
			path = search;
			sourceTree = "<group>";
		};
		9C7C9E7A29F9DD4B00053DA2 /* repetition */ = {
			isa = PBXGroup;
			children = (
				9CCBFC652A37DA1800AB115B /* do-while */,
				9CCBFC622A37D8EA00AB115B /* for */,
				9CCBFC5F2A37D7A900AB115B /* while */,
			);
			path = repetition;
			sourceTree = "<group>";
		};
		9C7C9E7B29F9DD5500053DA2 /* selection */ = {
			isa = PBXGroup;
			children = (
				9C163A7E2A3E331A006CAABD /* else */,
				9C163A7B2A3E3271006CAABD /* else if */,
				9C163A782A3E31BA006CAABD /* if */,
			);
			path = selection;
			sourceTree = "<group>";
		};
		9C7C9E7E29FAC7B300053DA2 /* string */ = {
			isa = PBXGroup;
			children = (
				9C5570BB29FB4521006C848E /* isLower.txt */,
				9C5570BA29FB4510006C848E /* isUpper.txt */,
				9C380BD62A2829BD0065EAE9 /* padEnd.txt */,
				9C380BD52A2828E60065EAE9 /* padStart.txt */,
				9C9E11F52A6F689600308BB3 /* string.txt */,
				9C7C9E8029FAC7D400053DA2 /* trim.txt */,
				9C7C9E8229FAC82500053DA2 /* trimEnd.txt */,
				9C7C9E8129FAC80900053DA2 /* trimStart.txt */,
			);
			path = string;
			sourceTree = "<group>";
		};
		9C9E11D82A67116300308BB3 /* table */ = {
			isa = PBXGroup;
			children = (
				9C9E11FA2A75743C00308BB3 /* ncols.txt */,
				9C9E11EB2A6AC80100308BB3 /* nrows.txt */,
				9C9E11FC2A75765400308BB3 /* sort */,
				9C9E11FE2A75766C00308BB3 /* splice */,
				9C9E11FD2A75765E00308BB3 /* swap */,
			);
			path = table;
			sourceTree = "<group>";
		};
		9C9E11D92A67117700308BB3 /* exception */ = {
			isa = PBXGroup;
			children = (
				9C4E27962A6237290047781B /* expectExcept.txt */,
				9C9E11DE2A684BAC00308BB3 /* rangeExcept.txt */,
				9C4E27972A6237B70047781B /* typeExcept.txt */,
			);
			path = exception;
			sourceTree = "<group>";
		};
		9C9E11DB2A67790100308BB3 /* data */ = {
			isa = PBXGroup;
			children = (
				9C4E27872A6105E10047781B /* months.txt */,
				9C1F8A892A7C9AD400A8CD92 /* timezones.txt */,
				9C4E27912A610D120047781B /* weekdays.txt */,
			);
			path = data;
			sourceTree = "<group>";
		};
		9C9E11FC2A75765400308BB3 /* sort */ = {
			isa = PBXGroup;
			children = (
				9C9E11FF2A75767500308BB3 /* reverse */,
				9C67CE372ADCE26F00B4B071 /* sort */,
				9C67CE362ADCE25A00B4B071 /* thenBy */,
			);
			path = sort;
			sourceTree = "<group>";
		};
		9C9E11FD2A75765E00308BB3 /* swap */ = {
			isa = PBXGroup;
			children = (
				9CE5DE542A186D2F00AF1B33 /* swapCols.txt */,
				9CE5DE522A18667200AF1B33 /* swapRows.txt */,
			);
			path = swap;
			sourceTree = "<group>";
		};
		9C9E11FE2A75766C00308BB3 /* splice */ = {
			isa = PBXGroup;
			children = (
				9C1BB8BD2A364955006E4360 /* spliceCol.txt */,
				9C9E11FB2A75748500308BB3 /* spliceRow.txt */,
			);
			path = splice;
			sourceTree = "<group>";
		};
		9C9E11FF2A75767500308BB3 /* reverse */ = {
			isa = PBXGroup;
			children = (
				9C9E12002A75768300308BB3 /* reverseCols.txt */,
				9C9E11E12A68553D00308BB3 /* reverseRows.txt */,
			);
			path = reverse;
			sourceTree = "<group>";
		};
		9C9E12012A7576B500308BB3 /* number */ = {
			isa = PBXGroup;
			children = (
				9C5570BF29FB8F63006C848E /* digits.txt */,
				9C9E11D72A67051400308BB3 /* padNumber.txt */,
			);
			path = number;
			sourceTree = "<group>";
		};
		9C9E12022A75771500308BB3 /* util */ = {
			isa = PBXGroup;
			children = (
				9CCADCBB2A2D55D600F0189C /* uuid.txt */,
			);
			path = util;
			sourceTree = "<group>";
		};
		9C9E12032A783E3700308BB3 /* algorithm */ = {
			isa = PBXGroup;
			children = (
				9C9E12042A783E3E00308BB3 /* sort */,
			);
			path = algorithm;
			sourceTree = "<group>";
		};
		9C9E12042A783E3E00308BB3 /* sort */ = {
			isa = PBXGroup;
			children = (
				9C9E12062A783E5800308BB3 /* bubble.txt */,
				9C9E12052A783E4700308BB3 /* insertion.txt */,
				9C9E12072A783F0E00308BB3 /* selection.txt */,
			);
			path = sort;
			sourceTree = "<group>";
		};
		9C9E12082A7848AF00308BB3 /* test */ = {
			isa = PBXGroup;
			children = (
				9CE5DE622A1AFC4000AF1B33 /* factorial.txt */,
			);
			path = test;
			sourceTree = "<group>";
		};
		9CB2B04F2A806AB500F0B735 /* metric */ = {
			isa = PBXGroup;
			children = (
				9CB2B0502A806ACE00F0B735 /* prefix.txt */,
			);
			path = metric;
			sourceTree = "<group>";
		};
		9CB2B05B2A82AAAF00F0B735 /* string */ = {
			isa = PBXGroup;
			children = (
				9C9E11DD2A679A9A00308BB3 /* commonWord.txt */,
				9C7C9E7829F994F600053DA2 /* endsWith.txt */,
				9C7C9E7429F8E1D700053DA2 /* indexOf.txt */,
				9C5570BC29FB4537006C848E /* lastIndexOf.txt */,
				9C9E11DC2A67968600308BB3 /* mode.txt */,
				9CC45BF12A47C83000A6D1C6 /* replace.txt */,
				9CC45BF22A47CE4900A6D1C6 /* replaceAll.txt */,
				9C7C9E8429FAC86100053DA2 /* split.txt */,
				9C7C9E7729F8E3FC00053DA2 /* startsWith.txt */,
				9CA5D7732A0F47A0001C560E /* tokens.txt */,
				9CC45BF32A47D4BE00A6D1C6 /* words.txt */,
			);
			path = string;
			sourceTree = "<group>";
		};
		9CB2B05C2A82AABA00F0B735 /* array */ = {
			isa = PBXGroup;
			children = (
				9CB2B05A2A82812A00F0B735 /* bst.txt */,
				9CB2B0542A81280900F0B735 /* build.txt */,
			);
			path = array;
			sourceTree = "<group>";
		};
		9CB565DE29F394A60095216F /* data */ = {
			isa = PBXGroup;
			children = (
				9CCADCBE2A2D609600F0189C /* unit_3_test_data.csv */,
			);
			path = data;
			sourceTree = "<group>";
		};
		9CB565E329F43F010095216F /* stat */ = {
			isa = PBXGroup;
			children = (
				9C7C9E7229F8E1A300053DA2 /* deviation.txt */,
				9CB565E529F4403B0095216F /* mean.txt */,
				9CB565E429F43F260095216F /* median.txt */,
				9CB565E229F439390095216F /* mode.txt */,
				9CA436C72A1457480089F270 /* sum.txt */,
				9C7C9E7129F8E19800053DA2 /* variance.txt */,
			);
			path = stat;
			sourceTree = "<group>";
		};
		9CC45BF82A47EA1500A6D1C6 /* example */ = {
			isa = PBXGroup;
			children = (
				9CB565DE29F394A60095216F /* data */,
				9C0B9F0F2A9C48040082568B /* datetime */,
				9C693F8D2AB506D500C044C6 /* math */,
				9C0B9F1E2AA30A1B0082568B /* mysql */,
				9C1246962ABE360C00692A3B /* socket */,
				9CB2B0522A80AB5000F0B735 /* FleetAreaName.txt */,
			);
			path = example;
			sourceTree = "<group>";
		};
		9CC49D882A296A0A00ABB949 /* logic */ = {
			isa = PBXGroup;
			children = (
				9C67CE302ADCD64D00B4B071 /* logic */,
				9C67CE322ADCD6A300B4B071 /* operator */,
				9C7231132AD3C3BF00FD57C8 /* main.cpp */,
			);
			path = logic;
			sourceTree = "<group>";
		};
		9CC49D892A296A1200ABB949 /* arithmetic */ = {
			isa = PBXGroup;
			children = (
				9C67CE2F2ADCD60F00B4B071 /* arithmetic */,
				9C67CE312ADCD68600B4B071 /* operator */,
				9C7231152AD3C5B800FD57C8 /* main.cpp */,
			);
			path = arithmetic;
			sourceTree = "<group>";
		};
		9CC49D8A2A296A1A00ABB949 /* interpreter */ = {
			isa = PBXGroup;
			children = (
				9C67CE332ADCD6CA00B4B071 /* interpreter */,
				9C67CE342ADCD6D400B4B071 /* operator */,
			);
			path = interpreter;
			sourceTree = "<group>";
		};
		9CC49D8D2A296AAF00ABB949 /* src */ = {
			isa = PBXGroup;
			children = (
				9CCADCB72A2CFA8C00F0189C /* ss */,
				9CB2B0532A80B24E00F0B735 /* bst.h */,
				9C63BF0029F1DE3A008C46ED /* main.cpp */,
			);
			path = src;
			sourceTree = "<group>";
		};
		9CC64C48290C93E1000D3C48 = {
			isa = PBXGroup;
			children = (
				9CC45BF82A47EA1500A6D1C6 /* example */,
				9C63BED729F0F221008C46ED /* SimpleScript */,
				9C4609A22AC4BB110091AECC /* Functions.md */,
				9CEB6DF32AC64A8800FD386C /* LICENSE.txt */,
				9C4609A02AC4B97F0091AECC /* Operators.md */,
				9C46099B2AC4908A0091AECC /* README.md */,
				9CC64C52290C93E1000D3C48 /* Products */,
			);
			sourceTree = "<group>";
		};
		9CC64C52290C93E1000D3C48 /* Products */ = {
			isa = PBXGroup;
			children = (
				9C63BEF529F1DD98008C46ED /* SimpleScript */,
			);
			name = Products;
			sourceTree = "<group>";
		};
		9CCADCB22A2C0A0700F0189C /* utility */ = {
			isa = PBXGroup;
			children = (
				9CEDD9F92911F50000BB5B1F /* utility.h */,
				9C1CFB392915ED2500584726 /* utility.cpp */,
			);
			path = utility;
			sourceTree = "<group>";
		};
		9CCADCB32A2C0A0B00F0189C /* error */ = {
			isa = PBXGroup;
			children = (
				9CA5D77A2A0F7BD9001C560E /* error.h */,
				9CA5D77B2A0F7C27001C560E /* error.cpp */,
			);
			path = error;
			sourceTree = "<group>";
		};
		9CCADCB72A2CFA8C00F0189C /* ss */ = {
			isa = PBXGroup;
			children = (
				9C1246AD2ABE3A5600692A3B /* api */,
				9CCADCB32A2C0A0B00F0189C /* error */,
				9C3DC9EE2AC898110014F28A /* exception */,
				9C163A762A3E3058006CAABD /* function */,
				9C163A742A3E2F95006CAABD /* interpreter */,
				9C67CE2A2ADAFE0A00B4B071 /* logger */,
				9C63BED629F0F1BF008C46ED /* statement */,
				9CCADCB22A2C0A0700F0189C /* utility */,
				9CD57B8E2989EC3200EBB6E7 /* array.h */,
				9C9E11F62A70A8F400308BB3 /* node.h */,
				9CCADCC82A31362200F0189C /* stack.h */,
			);
			path = ss;
			sourceTree = "<group>";
		};
		9CCADCBF2A2E15FE00F0189C /* public */ = {
			isa = PBXGroup;
			children = (
				9C9E12032A783E3700308BB3 /* algorithm */,
				9C4E27832A6104080047781B /* datetime */,
				9C9E11D92A67117700308BB3 /* exception */,
				9C7C9E7029F8E0FA00053DA2 /* math */,
				9CB2B04F2A806AB500F0B735 /* metric */,
				9C9E12012A7576B500308BB3 /* number */,
				9C7C9E7329F8E1B800053DA2 /* search */,
				9C7C9E6F29F8E0EF00053DA2 /* sort */,
				9C7C9E7E29FAC7B300053DA2 /* string */,
				9C9E11D82A67116300308BB3 /* table */,
				9C9E12022A75771500308BB3 /* util */,
				9C9E11F92A755B5800308BB3 /* config.txt */,
				9C63BEDA29F0F6B3008C46ED /* main.txt */,
			);
			path = public;
			sourceTree = "<group>";
		};
		9CCADCC02A2E161E00F0189C /* private */ = {
			isa = PBXGroup;
			children = (
				9C4609992AC3696F0091AECC /* qa-failed */,
				9C46099A2AC3C3840091AECC /* qa-review */,
			);
			path = private;
			sourceTree = "<group>";
		};
		9CCBFC5F2A37D7A900AB115B /* while */ = {
			isa = PBXGroup;
			children = (
				9CAA099E29EF42A90086A4BE /* while_statement.h */,
				9CCBFC602A37D7BB00AB115B /* while_statement.cpp */,
			);
			path = while;
			sourceTree = "<group>";
		};
		9CCBFC622A37D8EA00AB115B /* for */ = {
			isa = PBXGroup;
			children = (
				9C8E72262A0C9BFD00871E44 /* for_statement.h */,
				9CCBFC632A37D8F600AB115B /* for_statement.cpp */,
			);
			path = for;
			sourceTree = "<group>";
		};
		9CCBFC652A37DA1800AB115B /* do-while */ = {
			isa = PBXGroup;
			children = (
				9C63BEDE29F16632008C46ED /* do_while_statement.h */,
				9CCBFC662A37DA2C00AB115B /* do_while_statement.cpp */,
			);
			path = "do-while";
			sourceTree = "<group>";
		};
		9CD35C7A2A3EC7B7007E1642 /* jump */ = {
			isa = PBXGroup;
			children = (
				9CCADCB02A2BCA1100F0189C /* assert_statement.h */,
				9CAA09A129EF76320086A4BE /* break_statement.h */,
				9C63BED529F0F071008C46ED /* continue_statement.h */,
				9C7C9E7629F8E23700053DA2 /* exception_statement.h */,
				9C63BEDB29F0F7A9008C46ED /* return_statement.h */,
			);
			path = jump;
			sourceTree = "<group>";
		};
/* End PBXGroup section */

/* Begin PBXNativeTarget section */
		9C63BEF429F1DD98008C46ED /* SimpleScript */ = {
			isa = PBXNativeTarget;
			buildConfigurationList = 9C63BEF929F1DD98008C46ED /* Build configuration list for PBXNativeTarget "SimpleScript" */;
			buildPhases = (
				9C63BEF129F1DD98008C46ED /* Sources */,
				9C63BEF229F1DD98008C46ED /* Frameworks */,
				9C63BEF329F1DD98008C46ED /* CopyFiles */,
			);
			buildRules = (
			);
			dependencies = (
			);
			name = SimpleScript;
			productName = SimpleScript;
			productReference = 9C63BEF529F1DD98008C46ED /* SimpleScript */;
			productType = "com.apple.product-type.tool";
		};
/* End PBXNativeTarget section */

/* Begin PBXProject section */
		9CC64C49290C93E1000D3C48 /* Project object */ = {
			isa = PBXProject;
			attributes = {
				BuildIndependentTargetsInParallel = 1;
				LastUpgradeCheck = 1430;
				TargetAttributes = {
					9C63BEF429F1DD98008C46ED = {
						CreatedOnToolsVersion = 13.4.1;
					};
				};
			};
			buildConfigurationList = 9CC64C4C290C93E1000D3C48 /* Build configuration list for PBXProject "SimpleScript" */;
			compatibilityVersion = "Xcode 13.0";
			developmentRegion = en;
			hasScannedForEncodings = 0;
			knownRegions = (
				en,
				Base,
			);
			mainGroup = 9CC64C48290C93E1000D3C48;
			productRefGroup = 9CC64C52290C93E1000D3C48 /* Products */;
			projectDirPath = "";
			projectRoot = "";
			targets = (
				9C63BEF429F1DD98008C46ED /* SimpleScript */,
			);
		};
/* End PBXProject section */

/* Begin PBXSourcesBuildPhase section */
		9C63BEF129F1DD98008C46ED /* Sources */ = {
			isa = PBXSourcesBuildPhase;
			buildActionMask = 2147483647;
			files = (
				9C163A7A2A3E31CC006CAABD /* if_statement.cpp in Sources */,
				9C63BEFE29F1DDE0008C46ED /* arithmetic.cpp in Sources */,
				9C1BB8C12A36BD15006E4360 /* file.cpp in Sources */,
				9C67CE2D2ADAFED400B4B071 /* logger.cpp in Sources */,
				9C9713F92AC2206B00FDB285 /* utility.cpp in Sources */,
				9C63BEFD29F1DDDE008C46ED /* logic.cpp in Sources */,
				9C163A722A3E0C4D006CAABD /* function_statement.cpp in Sources */,
				9C163A802A3E3324006CAABD /* else_statement.cpp in Sources */,
				9C7231192AD3C92A00FD57C8 /* main.cpp in Sources */,
				9C3DC9F12AC898290014F28A /* exception.cpp in Sources */,
				9CCBFC672A37DA2C00AB115B /* do_while_statement.cpp in Sources */,
				9CCBFC612A37D7BB00AB115B /* while_statement.cpp in Sources */,
				9CA5D77D2A0F7CEF001C560E /* error.cpp in Sources */,
				9C163A862A3E3438006CAABD /* catch_statement.cpp in Sources */,
				9C163A892A3E35C4006CAABD /* finally_statement.cpp in Sources */,
				9C63BF0229F1DE4D008C46ED /* interpreter.cpp in Sources */,
				9C1246B12ABE3A7600692A3B /* mysql.cpp in Sources */,
				9C1246952ABE34EE00692A3B /* socket.cpp in Sources */,
				9C163A7D2A3E329E006CAABD /* else_if_statement.cpp in Sources */,
				9CCBFC642A37D8F600AB115B /* for_statement.cpp in Sources */,
				9C163A832A3E3390006CAABD /* try_statement.cpp in Sources */,
				9CB2B0552A818A3E00F0B735 /* bst.h in Sources */,
				9C67CE292ADAE99F00B4B071 /* file_statement.cpp in Sources */,
				9CA157842A11B840009201E1 /* statement_t.cpp in Sources */,
			);
			runOnlyForDeploymentPostprocessing = 0;
		};
/* End PBXSourcesBuildPhase section */

/* Begin XCBuildConfiguration section */
		9C63BEFA29F1DD98008C46ED /* Debug */ = {
			isa = XCBuildConfiguration;
			buildSettings = {
				CODE_SIGN_STYLE = Automatic;
				DEAD_CODE_STRIPPING = YES;
				GCC_NO_COMMON_BLOCKS = YES;
				"LD_RUNPATH_SEARCH_PATHS[arch=*]" = /usr/local/lib;
				"OTHER_LDFLAGS[arch=*]" = /usr/local/lib/libmysqlcppconn.9.8.1.0.dylib;
				PRODUCT_NAME = "$(TARGET_NAME)";
			};
			name = Debug;
		};
		9C63BEFB29F1DD98008C46ED /* Release */ = {
			isa = XCBuildConfiguration;
			buildSettings = {
				CODE_SIGN_STYLE = Automatic;
				DEAD_CODE_STRIPPING = YES;
				GCC_NO_COMMON_BLOCKS = YES;
				"OTHER_LDFLAGS[arch=*]" = "";
				PRODUCT_NAME = "$(TARGET_NAME)";
			};
			name = Release;
		};
		9CC64C56290C93E1000D3C48 /* Debug */ = {
			isa = XCBuildConfiguration;
			buildSettings = {
				ALWAYS_SEARCH_USER_PATHS = NO;
				CLANG_ANALYZER_NONNULL = YES;
				CLANG_ANALYZER_NUMBER_OBJECT_CONVERSION = YES_AGGRESSIVE;
				CLANG_CXX_LANGUAGE_STANDARD = "gnu++17";
				CLANG_ENABLE_MODULES = YES;
				CLANG_ENABLE_OBJC_ARC = YES;
				CLANG_ENABLE_OBJC_WEAK = YES;
				CLANG_WARN_BLOCK_CAPTURE_AUTORELEASING = YES;
				CLANG_WARN_BOOL_CONVERSION = YES;
				CLANG_WARN_COMMA = YES;
				CLANG_WARN_CONSTANT_CONVERSION = YES;
				CLANG_WARN_DEPRECATED_OBJC_IMPLEMENTATIONS = YES;
				CLANG_WARN_DIRECT_OBJC_ISA_USAGE = YES_ERROR;
				CLANG_WARN_DOCUMENTATION_COMMENTS = YES;
				CLANG_WARN_EMPTY_BODY = YES;
				CLANG_WARN_ENUM_CONVERSION = YES;
				CLANG_WARN_INFINITE_RECURSION = YES;
				CLANG_WARN_INT_CONVERSION = YES;
				CLANG_WARN_NON_LITERAL_NULL_CONVERSION = YES;
				CLANG_WARN_OBJC_IMPLICIT_RETAIN_SELF = YES;
				CLANG_WARN_OBJC_LITERAL_CONVERSION = YES;
				CLANG_WARN_OBJC_ROOT_CLASS = YES_ERROR;
				CLANG_WARN_QUOTED_INCLUDE_IN_FRAMEWORK_HEADER = YES;
				CLANG_WARN_RANGE_LOOP_ANALYSIS = YES;
				CLANG_WARN_STRICT_PROTOTYPES = YES;
				CLANG_WARN_SUSPICIOUS_MOVE = YES;
				CLANG_WARN_UNGUARDED_AVAILABILITY = YES_AGGRESSIVE;
				CLANG_WARN_UNREACHABLE_CODE = YES;
				CLANG_WARN__DUPLICATE_METHOD_MATCH = YES;
				COPY_PHASE_STRIP = NO;
				DEAD_CODE_STRIPPING = YES;
				DEBUG_INFORMATION_FORMAT = dwarf;
				ENABLE_STRICT_OBJC_MSGSEND = YES;
				ENABLE_TESTABILITY = YES;
				GCC_C_LANGUAGE_STANDARD = gnu11;
				GCC_DYNAMIC_NO_PIC = NO;
				GCC_NO_COMMON_BLOCKS = YES;
				GCC_OPTIMIZATION_LEVEL = 0;
				GCC_PREPROCESSOR_DEFINITIONS = (
					"DEBUG=1",
					"$(inherited)",
				);
				GCC_WARN_64_TO_32_BIT_CONVERSION = YES;
				GCC_WARN_ABOUT_RETURN_TYPE = YES_ERROR;
				GCC_WARN_UNDECLARED_SELECTOR = YES;
				GCC_WARN_UNINITIALIZED_AUTOS = YES_AGGRESSIVE;
				GCC_WARN_UNUSED_FUNCTION = YES;
				GCC_WARN_UNUSED_VARIABLE = YES;
				"HEADER_SEARCH_PATHS[arch=*]" = "/usr/local/mysql-connector-c++-8.1.0/include/jdbc";
				"LIBRARY_SEARCH_PATHS[arch=*]" = "/usr/local/mysql-connector-c++-8.1.0/lib64";
				MACOSX_DEPLOYMENT_TARGET = 12.0;
				MTL_ENABLE_DEBUG_INFO = INCLUDE_SOURCE;
				MTL_FAST_MATH = YES;
				ONLY_ACTIVE_ARCH = YES;
				"OTHER_LDFLAGS[arch=*]" = "/usr/local/mysql-connector-c++-8.1.0/lib64/libmysqlcppconn.9.8.1.0.dylib";
				SDKROOT = macosx;
			};
			name = Debug;
		};
		9CC64C57290C93E1000D3C48 /* Release */ = {
			isa = XCBuildConfiguration;
			buildSettings = {
				ALWAYS_SEARCH_USER_PATHS = NO;
				CLANG_ANALYZER_NONNULL = YES;
				CLANG_ANALYZER_NUMBER_OBJECT_CONVERSION = YES_AGGRESSIVE;
				CLANG_CXX_LANGUAGE_STANDARD = "gnu++17";
				CLANG_ENABLE_MODULES = YES;
				CLANG_ENABLE_OBJC_ARC = YES;
				CLANG_ENABLE_OBJC_WEAK = YES;
				CLANG_WARN_BLOCK_CAPTURE_AUTORELEASING = YES;
				CLANG_WARN_BOOL_CONVERSION = YES;
				CLANG_WARN_COMMA = YES;
				CLANG_WARN_CONSTANT_CONVERSION = YES;
				CLANG_WARN_DEPRECATED_OBJC_IMPLEMENTATIONS = YES;
				CLANG_WARN_DIRECT_OBJC_ISA_USAGE = YES_ERROR;
				CLANG_WARN_DOCUMENTATION_COMMENTS = YES;
				CLANG_WARN_EMPTY_BODY = YES;
				CLANG_WARN_ENUM_CONVERSION = YES;
				CLANG_WARN_INFINITE_RECURSION = YES;
				CLANG_WARN_INT_CONVERSION = YES;
				CLANG_WARN_NON_LITERAL_NULL_CONVERSION = YES;
				CLANG_WARN_OBJC_IMPLICIT_RETAIN_SELF = YES;
				CLANG_WARN_OBJC_LITERAL_CONVERSION = YES;
				CLANG_WARN_OBJC_ROOT_CLASS = YES_ERROR;
				CLANG_WARN_QUOTED_INCLUDE_IN_FRAMEWORK_HEADER = YES;
				CLANG_WARN_RANGE_LOOP_ANALYSIS = YES;
				CLANG_WARN_STRICT_PROTOTYPES = YES;
				CLANG_WARN_SUSPICIOUS_MOVE = YES;
				CLANG_WARN_UNGUARDED_AVAILABILITY = YES_AGGRESSIVE;
				CLANG_WARN_UNREACHABLE_CODE = YES;
				CLANG_WARN__DUPLICATE_METHOD_MATCH = YES;
				COPY_PHASE_STRIP = NO;
				DEAD_CODE_STRIPPING = YES;
				DEBUG_INFORMATION_FORMAT = "dwarf-with-dsym";
				ENABLE_NS_ASSERTIONS = NO;
				ENABLE_STRICT_OBJC_MSGSEND = YES;
				GCC_C_LANGUAGE_STANDARD = gnu11;
				GCC_NO_COMMON_BLOCKS = YES;
				GCC_WARN_64_TO_32_BIT_CONVERSION = YES;
				GCC_WARN_ABOUT_RETURN_TYPE = YES_ERROR;
				GCC_WARN_UNDECLARED_SELECTOR = YES;
				GCC_WARN_UNINITIALIZED_AUTOS = YES_AGGRESSIVE;
				GCC_WARN_UNUSED_FUNCTION = YES;
				GCC_WARN_UNUSED_VARIABLE = YES;
				MACOSX_DEPLOYMENT_TARGET = 12.0;
				MTL_ENABLE_DEBUG_INFO = NO;
				MTL_FAST_MATH = YES;
				SDKROOT = macosx;
			};
			name = Release;
		};
/* End XCBuildConfiguration section */

/* Begin XCConfigurationList section */
		9C63BEF929F1DD98008C46ED /* Build configuration list for PBXNativeTarget "SimpleScript" */ = {
			isa = XCConfigurationList;
			buildConfigurations = (
				9C63BEFA29F1DD98008C46ED /* Debug */,
				9C63BEFB29F1DD98008C46ED /* Release */,
			);
			defaultConfigurationIsVisible = 0;
			defaultConfigurationName = Release;
		};
		9CC64C4C290C93E1000D3C48 /* Build configuration list for PBXProject "SimpleScript" */ = {
			isa = XCConfigurationList;
			buildConfigurations = (
				9CC64C56290C93E1000D3C48 /* Debug */,
				9CC64C57290C93E1000D3C48 /* Release */,
			);
			defaultConfigurationIsVisible = 0;
			defaultConfigurationName = Release;
		};
/* End XCConfigurationList section */
	};
	rootObject = 9CC64C49290C93E1000D3C48 /* Project object */;
}
